# This file is generated by running "yarn install" inside your project.
# Manual changes might be lost - proceed with caution!

__metadata:
  version: 8
  cacheKey: 10

"@eklingen/vinyl-stream-optimize-images@workspace:.":
  version: 0.0.0-use.local
  resolution: "@eklingen/vinyl-stream-optimize-images@workspace:."
  dependencies:
    svgo: "npm:^2.8.0"
  languageName: unknown
  linkType: soft

"@trysound/sax@npm:0.2.0":
  version: 0.2.0
  resolution: "@trysound/sax@npm:0.2.0"
  checksum: 7379713eca480ac0d9b6c7b063e06b00a7eac57092354556c81027066eb65b61ea141a69d0cc2e15d32e05b2834d4c9c2184793a5e36bbf5daf05ee5676af18c
  languageName: node
  linkType: hard

"boolbase@npm:^1.0.0":
  version: 1.0.0
  resolution: "boolbase@npm:1.0.0"
  checksum: 3e25c80ef626c3a3487c73dbfc70ac322ec830666c9ad915d11b701142fab25ec1e63eff2c450c74347acfd2de854ccde865cd79ef4db1683f7c7b046ea43bb0
  languageName: node
  linkType: hard

"commander@npm:^7.2.0":
  version: 7.2.0
  resolution: "commander@npm:7.2.0"
  checksum: 9973af10727ad4b44f26703bf3e9fdc323528660a7590efe3aa9ad5042b4584c0deed84ba443f61c9d6f02dade54a5a5d3c95e306a1e1630f8374ae6db16c06d
  languageName: node
  linkType: hard

"css-select@npm:^4.1.3":
  version: 4.1.3
  resolution: "css-select@npm:4.1.3"
  dependencies:
    boolbase: "npm:^1.0.0"
    css-what: "npm:^5.0.0"
    domhandler: "npm:^4.2.0"
    domutils: "npm:^2.6.0"
    nth-check: "npm:^2.0.0"
  checksum: 53743b2d08a502939377fc93c69060018cb5716a0ea32600597a34ec92d0346464df93c56eccafec5d3ee0f464b445c4844c9e59a9d69287c2cf85948c689c93
  languageName: node
  linkType: hard

"css-tree@npm:^1.1.2, css-tree@npm:^1.1.3":
  version: 1.1.3
  resolution: "css-tree@npm:1.1.3"
  dependencies:
    mdn-data: "npm:2.0.14"
    source-map: "npm:^0.6.1"
  checksum: 29710728cc4b136f1e9b23ee1228ec403ec9f3d487bc94a9c5dbec563c1e08c59bc917dd6f82521a35e869ff655c298270f43ca673265005b0cd05b292eb05ab
  languageName: node
  linkType: hard

"css-what@npm:^5.0.0":
  version: 5.0.1
  resolution: "css-what@npm:5.0.1"
  checksum: 53956dbc76a2e553f0c2062bd60b03d9fa917f84d8c3beab3c19e4d8e8ecb6b9f5586afa20963aca93c1853fc2341486ad1a505baf3290910693931f672bcfb6
  languageName: node
  linkType: hard

"csso@npm:^4.2.0":
  version: 4.2.0
  resolution: "csso@npm:4.2.0"
  dependencies:
    css-tree: "npm:^1.1.2"
  checksum: 8b6a2dc687f2a8165dde13f67999d5afec63cb07a00ab100fbb41e4e8b28d986cfa0bc466b4f5ba5de7260c2448a64e6ad26ec718dd204d3a7d109982f0bf1aa
  languageName: node
  linkType: hard

"dom-serializer@npm:^1.0.1":
  version: 1.3.2
  resolution: "dom-serializer@npm:1.3.2"
  dependencies:
    domelementtype: "npm:^2.0.1"
    domhandler: "npm:^4.2.0"
    entities: "npm:^2.0.0"
  checksum: 102ea83664e4943977a83a76b37a626b81491498d93b64f80cc45abc0e86cc0feec6fbaa98dba0750fd1005712a4449bc3de491a2032ba7befdfd18e42bcb349
  languageName: node
  linkType: hard

"domelementtype@npm:^2.0.1, domelementtype@npm:^2.2.0":
  version: 2.2.0
  resolution: "domelementtype@npm:2.2.0"
  checksum: 24cb386198640cd58aa36f8c987f2ea61859929106d06ffcc8f547e70cb2ed82a6dc56dcb8252b21fba1f1ea07df6e4356d60bfe57f77114ca1aed6828362629
  languageName: node
  linkType: hard

"domhandler@npm:^4.2.0":
  version: 4.2.2
  resolution: "domhandler@npm:4.2.2"
  dependencies:
    domelementtype: "npm:^2.2.0"
  checksum: 502cb297ba7b5a369c944dd2ecde1acd63992929d3f24b2dbd66a65cd6cfc21c5d2f237b0c68d4ec03d4224b1d70b511f04f4423f9aab42777488ee88c98e7e6
  languageName: node
  linkType: hard

"domutils@npm:^2.6.0":
  version: 2.8.0
  resolution: "domutils@npm:2.8.0"
  dependencies:
    dom-serializer: "npm:^1.0.1"
    domelementtype: "npm:^2.2.0"
    domhandler: "npm:^4.2.0"
  checksum: 1f316a03f00b09a8893d4a25d297d5cbffd02c564509dede28ef72d5ce38d93f6d61f1de88d439f31b14a1d9b42f587ed711b9e8b1b4d3bf6001399832bfc4e0
  languageName: node
  linkType: hard

"entities@npm:^2.0.0":
  version: 2.2.0
  resolution: "entities@npm:2.2.0"
  checksum: 2c765221ee324dbe25e1b8ca5d1bf2a4d39e750548f2e85cbf7ca1d167d709689ddf1796623e66666ae747364c11ed512c03b48c5bbe70968d30f2a4009509b7
  languageName: node
  linkType: hard

"mdn-data@npm:2.0.14":
  version: 2.0.14
  resolution: "mdn-data@npm:2.0.14"
  checksum: 64c629fcf14807e30d6dc79f97cbcafa16db066f53a294299f3932b3beb0eb0d1386d3a7fe408fc67348c449a4e0999360c894ba4c81eb209d7be4e36503de0e
  languageName: node
  linkType: hard

"nth-check@npm:^2.0.0":
  version: 2.0.1
  resolution: "nth-check@npm:2.0.1"
  dependencies:
    boolbase: "npm:^1.0.0"
  checksum: 5386d035c48438ff304fe687704d93886397349d1bed136de97aeae464caba10e8ffac55a04b215b86b3bc8897f33e0a5aa1045a9d8b2f251ae61b2a3ad3e450
  languageName: node
  linkType: hard

"picocolors@npm:^1.0.0":
  version: 1.0.0
  resolution: "picocolors@npm:1.0.0"
  checksum: a2e8092dd86c8396bdba9f2b5481032848525b3dc295ce9b57896f931e63fc16f79805144321f72976383fc249584672a75cc18d6777c6b757603f372f745981
  languageName: node
  linkType: hard

"source-map@npm:^0.6.1":
  version: 0.6.1
  resolution: "source-map@npm:0.6.1"
  checksum: 59ef7462f1c29d502b3057e822cdbdae0b0e565302c4dd1a95e11e793d8d9d62006cdc10e0fd99163ca33ff2071360cf50ee13f90440806e7ed57d81cba2f7ff
  languageName: node
  linkType: hard

"stable@npm:^0.1.8":
  version: 0.1.8
  resolution: "stable@npm:0.1.8"
  checksum: 2ff482bb100285d16dd75cd8f7c60ab652570e8952c0bfa91828a2b5f646a0ff533f14596ea4eabd48bb7f4aeea408dce8f8515812b975d958a4cc4fa6b9dfeb
  languageName: node
  linkType: hard

"svgo@npm:^2.8.0":
  version: 2.8.0
  resolution: "svgo@npm:2.8.0"
  dependencies:
    "@trysound/sax": "npm:0.2.0"
    commander: "npm:^7.2.0"
    css-select: "npm:^4.1.3"
    css-tree: "npm:^1.1.3"
    csso: "npm:^4.2.0"
    picocolors: "npm:^1.0.0"
    stable: "npm:^0.1.8"
  bin:
    svgo: bin/svgo
  checksum: 2b74544da1a9521852fe2784252d6083b336e32528d0e424ee54d1613f17312edc7020c29fa399086560e96cba42ede4a2205328a08edeefa26de84cd769a64a
  languageName: node
  linkType: hard
